// !$*UTF8*$!
{
	archiveVersion = 1;
	classes = {
	};
	objectVersion = 50;
	objects = {

/* Begin PBXBuildFile section */
		95054EB7220EDCD800BC484F /* AppDelegate.swift in Sources */ = {isa = PBXBuildFile; fileRef = 95054EB6220EDCD800BC484F /* AppDelegate.swift */; };
		95054EB9220EDCD800BC484F /* ViewController.swift in Sources */ = {isa = PBXBuildFile; fileRef = 95054EB8220EDCD800BC484F /* ViewController.swift */; };
		95054EBC220EDCD800BC484F /* Main.storyboard in Resources */ = {isa = PBXBuildFile; fileRef = 95054EBA220EDCD800BC484F /* Main.storyboard */; };
		95054EBF220EDCD800BC484F /* RaccoonChat.xcdatamodeld in Sources */ = {isa = PBXBuildFile; fileRef = 95054EBD220EDCD800BC484F /* RaccoonChat.xcdatamodeld */; };
		95054EC1220EDCDA00BC484F /* Assets.xcassets in Resources */ = {isa = PBXBuildFile; fileRef = 95054EC0220EDCDA00BC484F /* Assets.xcassets */; };
		95054EC4220EDCDA00BC484F /* LaunchScreen.storyboard in Resources */ = {isa = PBXBuildFile; fileRef = 95054EC2220EDCDA00BC484F /* LaunchScreen.storyboard */; };
		95054ECF220EDCDA00BC484F /* RaccoonChatTests.swift in Sources */ = {isa = PBXBuildFile; fileRef = 95054ECE220EDCDA00BC484F /* RaccoonChatTests.swift */; };
/* End PBXBuildFile section */

/* Begin PBXContainerItemProxy section */
		95054ECB220EDCDA00BC484F /* PBXContainerItemProxy */ = {
			isa = PBXContainerItemProxy;
			containerPortal = 95054EAB220EDCD800BC484F /* Project object */;
			proxyType = 1;
			remoteGlobalIDString = 95054EB2220EDCD800BC484F;
			remoteInfo = RaccoonChat;
		};
/* End PBXContainerItemProxy section */

/* Begin PBXFileReference section */
		95054EB3220EDCD800BC484F /* RaccoonChat.app */ = {isa = PBXFileReference; explicitFileType = wrapper.application; includeInIndex = 0; path = RaccoonChat.app; sourceTree = BUILT_PRODUCTS_DIR; };
		95054EB6220EDCD800BC484F /* AppDelegate.swift */ = {isa = PBXFileReference; lastKnownFileType = sourcecode.swift; path = AppDelegate.swift; sourceTree = "<group>"; };
		95054EB8220EDCD800BC484F /* ViewController.swift */ = {isa = PBXFileReference; lastKnownFileType = sourcecode.swift; path = ViewController.swift; sourceTree = "<group>"; };
		95054EBB220EDCD800BC484F /* Base */ = {isa = PBXFileReference; lastKnownFileType = file.storyboard; name = Base; path = Base.lproj/Main.storyboard; sourceTree = "<group>"; };
		95054EBE220EDCD800BC484F /* RaccoonChat.xcdatamodel */ = {isa = PBXFileReference; lastKnownFileType = wrapper.xcdatamodel; path = RaccoonChat.xcdatamodel; sourceTree = "<group>"; };
		95054EC0220EDCDA00BC484F /* Assets.xcassets */ = {isa = PBXFileReference; lastKnownFileType = folder.assetcatalog; path = Assets.xcassets; sourceTree = "<group>"; };
		95054EC3220EDCDA00BC484F /* Base */ = {isa = PBXFileReference; lastKnownFileType = file.storyboard; name = Base; path = Base.lproj/LaunchScreen.storyboard; sourceTree = "<group>"; };
		95054EC5220EDCDA00BC484F /* Info.plist */ = {isa = PBXFileReference; lastKnownFileType = text.plist.xml; path = Info.plist; sourceTree = "<group>"; };
		95054ECA220EDCDA00BC484F /* RaccoonChatTests.xctest */ = {isa = PBXFileReference; explicitFileType = wrapper.cfbundle; includeInIndex = 0; path = RaccoonChatTests.xctest; sourceTree = BUILT_PRODUCTS_DIR; };
		95054ECE220EDCDA00BC484F /* RaccoonChatTests.swift */ = {isa = PBXFileReference; lastKnownFileType = sourcecode.swift; path = RaccoonChatTests.swift; sourceTree = "<group>"; };
		95054ED0220EDCDA00BC484F /* Info.plist */ = {isa = PBXFileReference; lastKnownFileType = text.plist.xml; path = Info.plist; sourceTree = "<group>"; };
/* End PBXFileReference section */

/* Begin PBXFrameworksBuildPhase section */
		95054EB0220EDCD800BC484F /* Frameworks */ = {
			isa = PBXFrameworksBuildPhase;
			buildActionMask = 2147483647;
			files = (
			);
			runOnlyForDeploymentPostprocessing = 0;
		};
		95054EC7220EDCDA00BC484F /* Frameworks */ = {
			isa = PBXFrameworksBuildPhase;
			buildActionMask = 2147483647;
			files = (
			);
			runOnlyForDeploymentPostprocessing = 0;
		};
/* End PBXFrameworksBuildPhase section */

/* Begin PBXGroup section */
		95054EAA220EDCD800BC484F = {
			isa = PBXGroup;
			children = (
				95054EB5220EDCD800BC484F /* RaccoonChat */,
				95054ECD220EDCDA00BC484F /* RaccoonChatTests */,
				95054EB4220EDCD800BC484F /* Products */,
			);
			sourceTree = "<group>";
		};
		95054EB4220EDCD800BC484F /* Products */ = {
			isa = PBXGroup;
			children = (
				95054EB3220EDCD800BC484F /* RaccoonChat.app */,
				95054ECA220EDCDA00BC484F /* RaccoonChatTests.xctest */,
			);
			name = Products;
			sourceTree = "<group>";
		};
		95054EB5220EDCD800BC484F /* RaccoonChat */ = {
			isa = PBXGroup;
			children = (
				95054EB6220EDCD800BC484F /* AppDelegate.swift */,
				95054EB8220EDCD800BC484F /* ViewController.swift */,
				95054EBA220EDCD800BC484F /* Main.storyboard */,
				95054EC0220EDCDA00BC484F /* Assets.xcassets */,
				95054EC2220EDCDA00BC484F /* LaunchScreen.storyboard */,
				95054EC5220EDCDA00BC484F /* Info.plist */,
				95054EBD220EDCD800BC484F /* RaccoonChat.xcdatamodeld */,
			);
			path = RaccoonChat;
			sourceTree = "<group>";
		};
		95054ECD220EDCDA00BC484F /* RaccoonChatTests */ = {
			isa = PBXGroup;
			children = (
				95054ECE220EDCDA00BC484F /* RaccoonChatTests.swift */,
				95054ED0220EDCDA00BC484F /* Info.plist */,
			);
			path = RaccoonChatTests;
			sourceTree = "<group>";
		};
/* End PBXGroup section */

/* Begin PBXNativeTarget section */
		95054EB2220EDCD800BC484F /* RaccoonChat */ = {
			isa = PBXNativeTarget;
			buildConfigurationList = 95054ED3220EDCDA00BC484F /* Build configuration list for PBXNativeTarget "RaccoonChat" */;
			buildPhases = (
				95054EAF220EDCD800BC484F /* Sources */,
				95054EB0220EDCD800BC484F /* Frameworks */,
				95054EB1220EDCD800BC484F /* Resources */,
			);
			buildRules = (
			);
			dependencies = (
			);
			name = RaccoonChat;
			productName = RaccoonChat;
			productReference = 95054EB3220EDCD800BC484F /* RaccoonChat.app */;
			productType = "com.apple.product-type.application";
		};
		95054EC9220EDCDA00BC484F /* RaccoonChatTests */ = {
			isa = PBXNativeTarget;
			buildConfigurationList = 95054ED6220EDCDA00BC484F /* Build configuration list for PBXNativeTarget "RaccoonChatTests" */;
			buildPhases = (
				95054EC6220EDCDA00BC484F /* Sources */,
				95054EC7220EDCDA00BC484F /* Frameworks */,
				95054EC8220EDCDA00BC484F /* Resources */,
			);
			buildRules = (
			);
			dependencies = (
				95054ECC220EDCDA00BC484F /* PBXTargetDependency */,
			);
			name = RaccoonChatTests;
			productName = RaccoonChatTests;
			productReference = 95054ECA220EDCDA00BC484F /* RaccoonChatTests.xctest */;
			productType = "com.apple.product-type.bundle.unit-test";
		};
/* End PBXNativeTarget section */

/* Begin PBXProject section */
		95054EAB220EDCD800BC484F /* Project object */ = {
			isa = PBXProject;
			attributes = {
				LastSwiftUpdateCheck = 1010;
				LastUpgradeCheck = 1010;
				ORGANIZATIONNAME = "Hanna Yakusevych";
				TargetAttributes = {
					95054EB2220EDCD800BC484F = {
						CreatedOnToolsVersion = 10.1;
					};
					95054EC9220EDCDA00BC484F = {
						CreatedOnToolsVersion = 10.1;
						TestTargetID = 95054EB2220EDCD800BC484F;
					};
				};
			};
			buildConfigurationList = 95054EAE220EDCD800BC484F /* Build configuration list for PBXProject "RaccoonChat" */;
			compatibilityVersion = "Xcode 9.3";
			developmentRegion = en;
			hasScannedForEncodings = 0;
			knownRegions = (
				en,
				Base,
			);
			mainGroup = 95054EAA220EDCD800BC484F;
			productRefGroup = 95054EB4220EDCD800BC484F /* Products */;
			projectDirPath = "";
			projectRoot = "";
			targets = (
				95054EB2220EDCD800BC484F /* RaccoonChat */,
				95054EC9220EDCDA00BC484F /* RaccoonChatTests */,
			);
		};
/* End PBXProject section */

/* Begin PBXResourcesBuildPhase section */
		95054EB1220EDCD800BC484F /* Resources */ = {
			isa = PBXResourcesBuildPhase;
			buildActionMask = 2147483647;
			files = (
				95054EC4220EDCDA00BC484F /* LaunchScreen.storyboard in Resources */,
				95054EC1220EDCDA00BC484F /* Assets.xcassets in Resources */,
				95054EBC220EDCD800BC484F /* Main.storyboard in Resources */,
			);
			runOnlyForDeploymentPostprocessing = 0;
		};
		95054EC8220EDCDA00BC484F /* Resources */ = {
			isa = PBXResourcesBuildPhase;
			buildActionMask = 2147483647;
			files = (
			);
			runOnlyForDeploymentPostprocessing = 0;
		};
/* End PBXResourcesBuildPhase section */

/* Begin PBXSourcesBuildPhase section */
		95054EAF220EDCD800BC484F /* Sources */ = {
			isa = PBXSourcesBuildPhase;
			buildActionMask = 2147483647;
			files = (
				95054EB9220EDCD800BC484F /* ViewController.swift in Sources */,
				95054EBF220EDCD800BC484F /* RaccoonChat.xcdatamodeld in Sources */,
				95054EB7220EDCD800BC484F /* AppDelegate.swift in Sources */,
			);
			runOnlyForDeploymentPostprocessing = 0;
		};
		95054EC6220EDCDA00BC484F /* Sources */ = {
			isa = PBXSourcesBuildPhase;
			buildActionMask = 2147483647;
			files = (
				95054ECF220EDCDA00BC484F /* RaccoonChatTests.swift in Sources */,
			);
			runOnlyForDeploymentPostprocessing = 0;
		};
/* End PBXSourcesBuildPhase section */

/* Begin PBXTargetDependency section */
		95054ECC220EDCDA00BC484F /* PBXTargetDependency */ = {
			isa = PBXTargetDependency;
			target = 95054EB2220EDCD800BC484F /* RaccoonChat */;
			targetProxy = 95054ECB220EDCDA00BC484F /* PBXContainerItemProxy */;
		};
/* End PBXTargetDependency section */

/* Begin PBXVariantGroup section */
		95054EBA220EDCD800BC484F /* Main.storyboard */ = {
			isa = PBXVariantGroup;
			children = (
				95054EBB220EDCD800BC484F /* Base */,
			);
			name = Main.storyboard;
			sourceTree = "<group>";
		};
		95054EC2220EDCDA00BC484F /* LaunchScreen.storyboard */ = {
			isa = PBXVariantGroup;
			children = (
				95054EC3220EDCDA00BC484F /* Base */,
			);
			name = LaunchScreen.storyboard;
			sourceTree = "<group>";
		};
/* End PBXVariantGroup section */

/* Begin XCBuildConfiguration section */
		95054ED1220EDCDA00BC484F /* Debug */ = {
			isa = XCBuildConfiguration;
			buildSettings = {
				ALWAYS_SEARCH_USER_PATHS = NO;
				CLANG_ANALYZER_NONNULL = YES;
				CLANG_ANALYZER_NUMBER_OBJECT_CONVERSION = YES_AGGRESSIVE;
				CLANG_CXX_LANGUAGE_STANDARD = "gnu++14";
				CLANG_CXX_LIBRARY = "libc++";
				CLANG_ENABLE_MODULES = YES;
				CLANG_ENABLE_OBJC_ARC = YES;
				CLANG_ENABLE_OBJC_WEAK = YES;
				CLANG_WARN_BLOCK_CAPTURE_AUTORELEASING = YES;
				CLANG_WARN_BOOL_CONVERSION = YES;
				CLANG_WARN_COMMA = YES;
				CLANG_WARN_CONSTANT_CONVERSION = YES;
				CLANG_WARN_DEPRECATED_OBJC_IMPLEMENTATIONS = YES;
				CLANG_WARN_DIRECT_OBJC_ISA_USAGE = YES_ERROR;
				CLANG_WARN_DOCUMENTATION_COMMENTS = YES;
				CLANG_WARN_EMPTY_BODY = YES;
				CLANG_WARN_ENUM_CONVERSION = YES;
				CLANG_WARN_INFINITE_RECURSION = YES;
				CLANG_WARN_INT_CONVERSION = YES;
				CLANG_WARN_NON_LITERAL_NULL_CONVERSION = YES;
				CLANG_WARN_OBJC_IMPLICIT_RETAIN_SELF = YES;
				CLANG_WARN_OBJC_LITERAL_CONVERSION = YES;
				CLANG_WARN_OBJC_ROOT_CLASS = YES_ERROR;
				CLANG_WARN_RANGE_LOOP_ANALYSIS = YES;
				CLANG_WARN_STRICT_PROTOTYPES = YES;
				CLANG_WARN_SUSPICIOUS_MOVE = YES;
				CLANG_WARN_UNGUARDED_AVAILABILITY = YES_AGGRESSIVE;
				CLANG_WARN_UNREACHABLE_CODE = YES;
				CLANG_WARN__DUPLICATE_METHOD_MATCH = YES;
				CODE_SIGN_IDENTITY = "iPhone Developer";
				COPY_PHASE_STRIP = NO;
				DEBUG_INFORMATION_FORMAT = dwarf;
				ENABLE_STRICT_OBJC_MSGSEND = YES;
				ENABLE_TESTABILITY = YES;
				GCC_C_LANGUAGE_STANDARD = gnu11;
				GCC_DYNAMIC_NO_PIC = NO;
				GCC_NO_COMMON_BLOCKS = YES;
				GCC_OPTIMIZATION_LEVEL = 0;
				GCC_PREPROCESSOR_DEFINITIONS = (
					"DEBUG=1",
					"$(inherited)",
				);
				GCC_WARN_64_TO_32_BIT_CONVERSION = YES;
				GCC_WARN_ABOUT_RETURN_TYPE = YES_ERROR;
				GCC_WARN_UNDECLARED_SELECTOR = YES;
				GCC_WARN_UNINITIALIZED_AUTOS = YES_AGGRESSIVE;
				GCC_WARN_UNUSED_FUNCTION = YES;
				GCC_WARN_UNUSED_VARIABLE = YES;
				IPHONEOS_DEPLOYMENT_TARGET = 12.1;
				MTL_ENABLE_DEBUG_INFO = INCLUDE_SOURCE;
				MTL_FAST_MATH = YES;
				ONLY_ACTIVE_ARCH = YES;
				SDKROOT = iphoneos;
				SWIFT_ACTIVE_COMPILATION_CONDITIONS = DEBUG;
				SWIFT_OPTIMIZATION_LEVEL = "-Onone";
			};
			name = Debug;
		};
		95054ED2220EDCDA00BC484F /* Release */ = {
			isa = XCBuildConfiguration;
			buildSettings = {
				ALWAYS_SEARCH_USER_PATHS = NO;
				CLANG_ANALYZER_NONNULL = YES;
				CLANG_ANALYZER_NUMBER_OBJECT_CONVERSION = YES_AGGRESSIVE;
				CLANG_CXX_LANGUAGE_STANDARD = "gnu++14";
				CLANG_CXX_LIBRARY = "libc++";
				CLANG_ENABLE_MODULES = YES;
				CLANG_ENABLE_OBJC_ARC = YES;
				CLANG_ENABLE_OBJC_WEAK = YES;
				CLANG_WARN_BLOCK_CAPTURE_AUTORELEASING = YES;
				CLANG_WARN_BOOL_CONVERSION = YES;
				CLANG_WARN_COMMA = YES;
				CLANG_WARN_CONSTANT_CONVERSION = YES;
				CLANG_WARN_DEPRECATED_OBJC_IMPLEMENTATIONS = YES;
				CLANG_WARN_DIRECT_OBJC_ISA_USAGE = YES_ERROR;
				CLANG_WARN_DOCUMENTATION_COMMENTS = YES;
				CLANG_WARN_EMPTY_BODY = YES;
				CLANG_WARN_ENUM_CONVERSION = YES;
				CLANG_WARN_INFINITE_RECURSION = YES;
				CLANG_WARN_INT_CONVERSION = YES;
				CLANG_WARN_NON_LITERAL_NULL_CONVERSION = YES;
				CLANG_WARN_OBJC_IMPLICIT_RETAIN_SELF = YES;
				CLANG_WARN_OBJC_LITERAL_CONVERSION = YES;
				CLANG_WARN_OBJC_ROOT_CLASS = YES_ERROR;
				CLANG_WARN_RANGE_LOOP_ANALYSIS = YES;
				CLANG_WARN_STRICT_PROTOTYPES = YES;
				CLANG_WARN_SUSPICIOUS_MOVE = YES;
				CLANG_WARN_UNGUARDED_AVAILABILITY = YES_AGGRESSIVE;
				CLANG_WARN_UNREACHABLE_CODE = YES;
				CLANG_WARN__DUPLICATE_METHOD_MATCH = YES;
				CODE_SIGN_IDENTITY = "iPhone Developer";
				COPY_PHASE_STRIP = NO;
				DEBUG_INFORMATION_FORMAT = "dwarf-with-dsym";
				ENABLE_NS_ASSERTIONS = NO;
				ENABLE_STRICT_OBJC_MSGSEND = YES;
				GCC_C_LANGUAGE_STANDARD = gnu11;
				GCC_NO_COMMON_BLOCKS = YES;
				GCC_WARN_64_TO_32_BIT_CONVERSION = YES;
				GCC_WARN_ABOUT_RETURN_TYPE = YES_ERROR;
				GCC_WARN_UNDECLARED_SELECTOR = YES;
				GCC_WARN_UNINITIALIZED_AUTOS = YES_AGGRESSIVE;
				GCC_WARN_UNUSED_FUNCTION = YES;
				GCC_WARN_UNUSED_VARIABLE = YES;
				IPHONEOS_DEPLOYMENT_TARGET = 12.1;
				MTL_ENABLE_DEBUG_INFO = NO;
				MTL_FAST_MATH = YES;
				SDKROOT = iphoneos;
				SWIFT_COMPILATION_MODE = wholemodule;
				SWIFT_OPTIMIZATION_LEVEL = "-O";
				VALIDATE_PRODUCT = YES;
			};
			name = Release;
		};
		95054ED4220EDCDA00BC484F /* Debug */ = {
			isa = XCBuildConfiguration;
			buildSettings = {
				ASSETCATALOG_COMPILER_APPICON_NAME = AppIcon;
				CODE_SIGN_STYLE = Automatic;
				DEVELOPMENT_TEAM = "";
				INFOPLIST_FILE = RaccoonChat/Info.plist;
				IPHONEOS_DEPLOYMENT_TARGET = 11.0;
				LD_RUNPATH_SEARCH_PATHS = (
					"$(inherited)",
					"@executable_path/Frameworks",
				);
				PRODUCT_BUNDLE_IDENTIFIER = hanyakus.RaccoonChat;
				PRODUCT_NAME = "$(TARGET_NAME)";
				SWIFT_VERSION = 4.2;
				TARGETED_DEVICE_FAMILY = "1,2";
			};
			name = Debug;
		};
		95054ED5220EDCDA00BC484F /* Release */ = {
			isa = XCBuildConfiguration;
			buildSettings = {
				ASSETCATALOG_COMPILER_APPICON_NAME = AppIcon;
				CODE_SIGN_STYLE = Automatic;
				DEVELOPMENT_TEAM = "";
				INFOPLIST_FILE = RaccoonChat/Info.plist;
				IPHONEOS_DEPLOYMENT_TARGET = 11.0;
				LD_RUNPATH_SEARCH_PATHS = (
					"$(inherited)",
					"@executable_path/Frameworks",
				);
				PRODUCT_BUNDLE_IDENTIFIER = hanyakus.RaccoonChat;
				PRODUCT_NAME = "$(TARGET_NAME)";
				SWIFT_VERSION = 4.2;
				TARGETED_DEVICE_FAMILY = "1,2";
			};
			name = Release;
		};
		95054ED7220EDCDA00BC484F /* Debug */ = {
			isa = XCBuildConfiguration;
			buildSettings = {
				ALWAYS_EMBED_SWIFT_STANDARD_LIBRARIES = YES;
				BUNDLE_LOADER = "$(TEST_HOST)";
				CODE_SIGN_STYLE = Automatic;
				DEVELOPMENT_TEAM = K882HZY272;
				INFOPLIST_FILE = RaccoonChatTests/Info.plist;
				LD_RUNPATH_SEARCH_PATHS = (
					"$(inherited)",
					"@executable_path/Frameworks",
					"@loader_path/Frameworks",
				);
				PRODUCT_BUNDLE_IDENTIFIER = hanyakus.RaccoonChatTests;
				PRODUCT_NAME = "$(TARGET_NAME)";
				SWIFT_VERSION = 4.2;
				TARGETED_DEVICE_FAMILY = "1,2";
				TEST_HOST = "$(BUILT_PRODUCTS_DIR)/RaccoonChat.app/RaccoonChat";
			};
			name = Debug;
		};
		95054ED8220EDCDA00BC484F /* Release */ = {
			isa = XCBuildConfiguration;
			buildSettings = {
				ALWAYS_EMBED_SWIFT_STANDARD_LIBRARIES = YES;
				BUNDLE_LOADER = "$(TEST_HOST)";
				CODE_SIGN_STYLE = Automatic;
				DEVELOPMENT_TEAM = K882HZY272;
				INFOPLIST_FILE = RaccoonChatTests/Info.plist;
				LD_RUNPATH_SEARCH_PATHS = (
					"$(inherited)",
					"@executable_path/Frameworks",
					"@loader_path/Frameworks",
				);
				PRODUCT_BUNDLE_IDENTIFIER = hanyakus.RaccoonChatTests;
				PRODUCT_NAME = "$(TARGET_NAME)";
				SWIFT_VERSION = 4.2;
				TARGETED_DEVICE_FAMILY = "1,2";
				TEST_HOST = "$(BUILT_PRODUCTS_DIR)/RaccoonChat.app/RaccoonChat";
			};
			name = Release;
		};
/* End XCBuildConfiguration section */

/* Begin XCConfigurationList section */
		95054EAE220EDCD800BC484F /* Build configuration list for PBXProject "RaccoonChat" */ = {
			isa = XCConfigurationList;
			buildConfigurations = (
				95054ED1220EDCDA00BC484F /* Debug */,
				95054ED2220EDCDA00BC484F /* Release */,
			);
			defaultConfigurationIsVisible = 0;
			defaultConfigurationName = Release;
		};
		95054ED3220EDCDA00BC484F /* Build configuration list for PBXNativeTarget "RaccoonChat" */ = {
			isa = XCConfigurationList;
			buildConfigurations = (
				95054ED4220EDCDA00BC484F /* Debug */,
				95054ED5220EDCDA00BC484F /* Release */,
			);
			defaultConfigurationIsVisible = 0;
			defaultConfigurationName = Release;
		};
		95054ED6220EDCDA00BC484F /* Build configuration list for PBXNativeTarget "RaccoonChatTests" */ = {
			isa = XCConfigurationList;
			buildConfigurations = (
				95054ED7220EDCDA00BC484F /* Debug */,
				95054ED8220EDCDA00BC484F /* Release */,
			);
			defaultConfigurationIsVisible = 0;
			defaultConfigurationName = Release;
		};
/* End XCConfigurationList section */

/* Begin XCVersionGroup section */
		95054EBD220EDCD800BC484F /* RaccoonChat.xcdatamodeld */ = {
			isa = XCVersionGroup;
			children = (
				95054EBE220EDCD800BC484F /* RaccoonChat.xcdatamodel */,
			);
			currentVersion = 95054EBE220EDCD800BC484F /* RaccoonChat.xcdatamodel */;
			path = RaccoonChat.xcdatamodeld;
			sourceTree = "<group>";
			versionGroupType = wrapper.xcdatamodel;
		};
/* End XCVersionGroup section */
	};
	rootObject = 95054EAB220EDCD800BC484F /* Project object */;
}
