// !$*UTF8*$!
{
	archiveVersion = 1;
	classes = {
	};
	objectVersion = 50;
	objects = {

/* Begin PBXBuildFile section */
		7BE40B63C7AF91383253E2A1 /* Pods_RaccoonChat.framework in Frameworks */ = {isa = PBXBuildFile; fileRef = 4C1B12E5962D267379126EF2 /* Pods_RaccoonChat.framework */; };
		95054EB7220EDCD800BC484F /* AppDelegate.swift in Sources */ = {isa = PBXBuildFile; fileRef = 95054EB6220EDCD800BC484F /* AppDelegate.swift */; };
		95054EBC220EDCD800BC484F /* Profile.storyboard in Resources */ = {isa = PBXBuildFile; fileRef = 95054EBA220EDCD800BC484F /* Profile.storyboard */; };
		95054EC1220EDCDA00BC484F /* Assets.xcassets in Resources */ = {isa = PBXBuildFile; fileRef = 95054EC0220EDCDA00BC484F /* Assets.xcassets */; };
		95054EC4220EDCDA00BC484F /* LaunchScreen.storyboard in Resources */ = {isa = PBXBuildFile; fileRef = 95054EC2220EDCDA00BC484F /* LaunchScreen.storyboard */; };
		95054ECF220EDCDA00BC484F /* RaccoonChatTests.swift in Sources */ = {isa = PBXBuildFile; fileRef = 95054ECE220EDCDA00BC484F /* RaccoonChatTests.swift */; };
		95054EDC220EFACE00BC484F /* Logger.swift in Sources */ = {isa = PBXBuildFile; fileRef = 95054EDB220EFACE00BC484F /* Logger.swift */; };
		95238929222BE79100AE51C2 /* Themes.storyboard in Resources */ = {isa = PBXBuildFile; fileRef = 95238928222BE79100AE51C2 /* Themes.storyboard */; };
		9523893F222BF55500AE51C2 /* Themes.m in Sources */ = {isa = PBXBuildFile; fileRef = 9523893E222BF55400AE51C2 /* Themes.m */; };
		9527C522224A944100E5EBDE /* StorageManager.swift in Sources */ = {isa = PBXBuildFile; fileRef = 9527C521224A944100E5EBDE /* StorageManager.swift */; };
		952FB8FD222302B4009822C6 /* ConversationsList.storyboard in Resources */ = {isa = PBXBuildFile; fileRef = 952FB8FC222302B4009822C6 /* ConversationsList.storyboard */; };
		952FB90022230429009822C6 /* ConversationsListViewController.swift in Sources */ = {isa = PBXBuildFile; fileRef = 952FB8FF22230429009822C6 /* ConversationsListViewController.swift */; };
		952FB90322231510009822C6 /* ConversationCell.swift in Sources */ = {isa = PBXBuildFile; fileRef = 952FB90222231510009822C6 /* ConversationCell.swift */; };
		952FB9052223E01C009822C6 /* Conversation.storyboard in Resources */ = {isa = PBXBuildFile; fileRef = 952FB9042223E01C009822C6 /* Conversation.storyboard */; };
		952FB9072223E06C009822C6 /* ConversationViewController.swift in Sources */ = {isa = PBXBuildFile; fileRef = 952FB9062223E06C009822C6 /* ConversationViewController.swift */; };
		952FB90A2223E514009822C6 /* MessageCell.swift in Sources */ = {isa = PBXBuildFile; fileRef = 952FB9092223E514009822C6 /* MessageCell.swift */; };
		953CDB052235242500E6F1CC /* ThemesViewController.swift in Sources */ = {isa = PBXBuildFile; fileRef = 956685D1222C948E00E5F864 /* ThemesViewController.swift */; };
		953CDB082236699500E6F1CC /* ProfileDataManager.swift in Sources */ = {isa = PBXBuildFile; fileRef = 953CDB072236699500E6F1CC /* ProfileDataManager.swift */; };
		953CDB0A22383DF500E6F1CC /* GCDDataManager.swift in Sources */ = {isa = PBXBuildFile; fileRef = 953CDB0922383DF500E6F1CC /* GCDDataManager.swift */; };
		953CDB0C2238D5AB00E6F1CC /* OperationDataManager.swift in Sources */ = {isa = PBXBuildFile; fileRef = 953CDB0B2238D5AB00E6F1CC /* OperationDataManager.swift */; };
		953CDB102238D95800E6F1CC /* LoadOperation.swift in Sources */ = {isa = PBXBuildFile; fileRef = 953CDB0F2238D95800E6F1CC /* LoadOperation.swift */; };
		953CDB122238DCEB00E6F1CC /* SaveOperation.swift in Sources */ = {isa = PBXBuildFile; fileRef = 953CDB112238DCEB00E6F1CC /* SaveOperation.swift */; };
		954D94B92242AF4500981B1D /* CoreDataStack.swift in Sources */ = {isa = PBXBuildFile; fileRef = 954D94B82242AF4500981B1D /* CoreDataStack.swift */; };
		954D94BD2242B4BA00981B1D /* AppUser.swift in Sources */ = {isa = PBXBuildFile; fileRef = 954D94BC2242B4BA00981B1D /* AppUser.swift */; };
		954D94C82242C09D00981B1D /* RaccoonChat.xcdatamodeld in Sources */ = {isa = PBXBuildFile; fileRef = 954D94C62242C09D00981B1D /* RaccoonChat.xcdatamodeld */; };
		959E8C50223FB6CC00182C98 /* Communicator.swift in Sources */ = {isa = PBXBuildFile; fileRef = 959E8C4F223FB6CC00182C98 /* Communicator.swift */; };
		959E8C52223FB77C00182C98 /* CommunicatorDelegate.swift in Sources */ = {isa = PBXBuildFile; fileRef = 959E8C51223FB77C00182C98 /* CommunicatorDelegate.swift */; };
		959E8C54223FB87100182C98 /* MultipeerCommunicator.swift in Sources */ = {isa = PBXBuildFile; fileRef = 959E8C53223FB87100182C98 /* MultipeerCommunicator.swift */; };
		959E8C56223FC6CE00182C98 /* CommunicationManager.swift in Sources */ = {isa = PBXBuildFile; fileRef = 959E8C55223FC6CE00182C98 /* CommunicationManager.swift */; };
		959F97BA222F102E00451C41 /* ThemeManager.swift in Sources */ = {isa = PBXBuildFile; fileRef = 959F97B9222F102E00451C41 /* ThemeManager.swift */; };
		959F97BF222F1C7F00451C41 /* Theme.swift in Sources */ = {isa = PBXBuildFile; fileRef = 959F97BE222F1C7F00451C41 /* Theme.swift */; };
		95C769E92218898D001CB34E /* ProfileViewController.swift in Sources */ = {isa = PBXBuildFile; fileRef = 95C769E82218898D001CB34E /* ProfileViewController.swift */; };
		FF59721F530FDBE2156A5F15 /* Pods_RaccoonChatTests.framework in Frameworks */ = {isa = PBXBuildFile; fileRef = BB65400A4426337B6A0A7735 /* Pods_RaccoonChatTests.framework */; };
/* End PBXBuildFile section */

/* Begin PBXContainerItemProxy section */
		95054ECB220EDCDA00BC484F /* PBXContainerItemProxy */ = {
			isa = PBXContainerItemProxy;
			containerPortal = 95054EAB220EDCD800BC484F /* Project object */;
			proxyType = 1;
			remoteGlobalIDString = 95054EB2220EDCD800BC484F;
			remoteInfo = RaccoonChat;
		};
/* End PBXContainerItemProxy section */

/* Begin PBXFileReference section */
		0D862E93F379C8D9176F2990 /* Pods-RaccoonChat.debug.xcconfig */ = {isa = PBXFileReference; includeInIndex = 1; lastKnownFileType = text.xcconfig; name = "Pods-RaccoonChat.debug.xcconfig"; path = "Target Support Files/Pods-RaccoonChat/Pods-RaccoonChat.debug.xcconfig"; sourceTree = "<group>"; };
		4C1B12E5962D267379126EF2 /* Pods_RaccoonChat.framework */ = {isa = PBXFileReference; explicitFileType = wrapper.framework; includeInIndex = 0; path = Pods_RaccoonChat.framework; sourceTree = BUILT_PRODUCTS_DIR; };
		95054EB3220EDCD800BC484F /* RaccoonChat.app */ = {isa = PBXFileReference; explicitFileType = wrapper.application; includeInIndex = 0; path = RaccoonChat.app; sourceTree = BUILT_PRODUCTS_DIR; };
		95054EB6220EDCD800BC484F /* AppDelegate.swift */ = {isa = PBXFileReference; lastKnownFileType = sourcecode.swift; path = AppDelegate.swift; sourceTree = "<group>"; };
		95054EBB220EDCD800BC484F /* Base */ = {isa = PBXFileReference; lastKnownFileType = file.storyboard; name = Base; path = Base.lproj/Profile.storyboard; sourceTree = "<group>"; };
		95054EC0220EDCDA00BC484F /* Assets.xcassets */ = {isa = PBXFileReference; lastKnownFileType = folder.assetcatalog; path = Assets.xcassets; sourceTree = "<group>"; };
		95054EC3220EDCDA00BC484F /* Base */ = {isa = PBXFileReference; lastKnownFileType = file.storyboard; name = Base; path = Base.lproj/LaunchScreen.storyboard; sourceTree = "<group>"; };
		95054EC5220EDCDA00BC484F /* Info.plist */ = {isa = PBXFileReference; lastKnownFileType = text.plist.xml; path = Info.plist; sourceTree = "<group>"; };
		95054ECA220EDCDA00BC484F /* RaccoonChatTests.xctest */ = {isa = PBXFileReference; explicitFileType = wrapper.cfbundle; includeInIndex = 0; path = RaccoonChatTests.xctest; sourceTree = BUILT_PRODUCTS_DIR; };
		95054ECE220EDCDA00BC484F /* RaccoonChatTests.swift */ = {isa = PBXFileReference; lastKnownFileType = sourcecode.swift; path = RaccoonChatTests.swift; sourceTree = "<group>"; };
		95054ED0220EDCDA00BC484F /* Info.plist */ = {isa = PBXFileReference; lastKnownFileType = text.plist.xml; path = Info.plist; sourceTree = "<group>"; };
		95054EDB220EFACE00BC484F /* Logger.swift */ = {isa = PBXFileReference; lastKnownFileType = sourcecode.swift; path = Logger.swift; sourceTree = "<group>"; };
		95238928222BE79100AE51C2 /* Themes.storyboard */ = {isa = PBXFileReference; lastKnownFileType = file.storyboard; path = Themes.storyboard; sourceTree = "<group>"; };
		9523893A222BF33700AE51C2 /* RaccoonChat-Bridging-Header.h */ = {isa = PBXFileReference; lastKnownFileType = sourcecode.c.h; path = "RaccoonChat-Bridging-Header.h"; sourceTree = "<group>"; };
		9523893E222BF55400AE51C2 /* Themes.m */ = {isa = PBXFileReference; fileEncoding = 4; lastKnownFileType = sourcecode.c.objc; path = Themes.m; sourceTree = "<group>"; };
		95238940222BF5BB00AE51C2 /* Themes.h */ = {isa = PBXFileReference; lastKnownFileType = sourcecode.c.h; path = Themes.h; sourceTree = "<group>"; };
		9527C521224A944100E5EBDE /* StorageManager.swift */ = {isa = PBXFileReference; lastKnownFileType = sourcecode.swift; path = StorageManager.swift; sourceTree = "<group>"; };
		952FB8FC222302B4009822C6 /* ConversationsList.storyboard */ = {isa = PBXFileReference; lastKnownFileType = file.storyboard; path = ConversationsList.storyboard; sourceTree = "<group>"; };
		952FB8FF22230429009822C6 /* ConversationsListViewController.swift */ = {isa = PBXFileReference; lastKnownFileType = sourcecode.swift; path = ConversationsListViewController.swift; sourceTree = "<group>"; };
		952FB90222231510009822C6 /* ConversationCell.swift */ = {isa = PBXFileReference; lastKnownFileType = sourcecode.swift; name = ConversationCell.swift; path = RaccoonChat/ViewCells/ConversationCell.swift; sourceTree = SOURCE_ROOT; };
		952FB9042223E01C009822C6 /* Conversation.storyboard */ = {isa = PBXFileReference; lastKnownFileType = file.storyboard; path = Conversation.storyboard; sourceTree = "<group>"; };
		952FB9062223E06C009822C6 /* ConversationViewController.swift */ = {isa = PBXFileReference; lastKnownFileType = sourcecode.swift; path = ConversationViewController.swift; sourceTree = "<group>"; };
		952FB9092223E514009822C6 /* MessageCell.swift */ = {isa = PBXFileReference; lastKnownFileType = sourcecode.swift; path = MessageCell.swift; sourceTree = "<group>"; };
		953CDB072236699500E6F1CC /* ProfileDataManager.swift */ = {isa = PBXFileReference; lastKnownFileType = sourcecode.swift; path = ProfileDataManager.swift; sourceTree = "<group>"; };
		953CDB0922383DF500E6F1CC /* GCDDataManager.swift */ = {isa = PBXFileReference; lastKnownFileType = sourcecode.swift; path = GCDDataManager.swift; sourceTree = "<group>"; };
		953CDB0B2238D5AB00E6F1CC /* OperationDataManager.swift */ = {isa = PBXFileReference; lastKnownFileType = sourcecode.swift; path = OperationDataManager.swift; sourceTree = "<group>"; };
		953CDB0F2238D95800E6F1CC /* LoadOperation.swift */ = {isa = PBXFileReference; lastKnownFileType = sourcecode.swift; path = LoadOperation.swift; sourceTree = "<group>"; };
		953CDB112238DCEB00E6F1CC /* SaveOperation.swift */ = {isa = PBXFileReference; lastKnownFileType = sourcecode.swift; path = SaveOperation.swift; sourceTree = "<group>"; };
		954D94B82242AF4500981B1D /* CoreDataStack.swift */ = {isa = PBXFileReference; lastKnownFileType = sourcecode.swift; path = CoreDataStack.swift; sourceTree = "<group>"; };
		954D94BC2242B4BA00981B1D /* AppUser.swift */ = {isa = PBXFileReference; lastKnownFileType = sourcecode.swift; path = AppUser.swift; sourceTree = "<group>"; };
		954D94C72242C09D00981B1D /* RaccoonChat.xcdatamodel */ = {isa = PBXFileReference; lastKnownFileType = wrapper.xcdatamodel; path = RaccoonChat.xcdatamodel; sourceTree = "<group>"; };
		956685D1222C948E00E5F864 /* ThemesViewController.swift */ = {isa = PBXFileReference; lastKnownFileType = sourcecode.swift; path = ThemesViewController.swift; sourceTree = "<group>"; };
		959E8C4F223FB6CC00182C98 /* Communicator.swift */ = {isa = PBXFileReference; lastKnownFileType = sourcecode.swift; path = Communicator.swift; sourceTree = "<group>"; };
		959E8C51223FB77C00182C98 /* CommunicatorDelegate.swift */ = {isa = PBXFileReference; lastKnownFileType = sourcecode.swift; path = CommunicatorDelegate.swift; sourceTree = "<group>"; };
		959E8C53223FB87100182C98 /* MultipeerCommunicator.swift */ = {isa = PBXFileReference; lastKnownFileType = sourcecode.swift; path = MultipeerCommunicator.swift; sourceTree = "<group>"; };
		959E8C55223FC6CE00182C98 /* CommunicationManager.swift */ = {isa = PBXFileReference; lastKnownFileType = sourcecode.swift; path = CommunicationManager.swift; sourceTree = "<group>"; };
		959F97B9222F102E00451C41 /* ThemeManager.swift */ = {isa = PBXFileReference; lastKnownFileType = sourcecode.swift; path = ThemeManager.swift; sourceTree = "<group>"; };
		959F97BE222F1C7F00451C41 /* Theme.swift */ = {isa = PBXFileReference; lastKnownFileType = sourcecode.swift; path = Theme.swift; sourceTree = "<group>"; };
		95C769E82218898D001CB34E /* ProfileViewController.swift */ = {isa = PBXFileReference; lastKnownFileType = sourcecode.swift; path = ProfileViewController.swift; sourceTree = "<group>"; };
		AF7661110B6DE5854E96683C /* Pods-RaccoonChat.release.xcconfig */ = {isa = PBXFileReference; includeInIndex = 1; lastKnownFileType = text.xcconfig; name = "Pods-RaccoonChat.release.xcconfig"; path = "Target Support Files/Pods-RaccoonChat/Pods-RaccoonChat.release.xcconfig"; sourceTree = "<group>"; };
		BB65400A4426337B6A0A7735 /* Pods_RaccoonChatTests.framework */ = {isa = PBXFileReference; explicitFileType = wrapper.framework; includeInIndex = 0; path = Pods_RaccoonChatTests.framework; sourceTree = BUILT_PRODUCTS_DIR; };
		BE133BC8FAAC5197BDAECCE0 /* Pods-RaccoonChatTests.release.xcconfig */ = {isa = PBXFileReference; includeInIndex = 1; lastKnownFileType = text.xcconfig; name = "Pods-RaccoonChatTests.release.xcconfig"; path = "Target Support Files/Pods-RaccoonChatTests/Pods-RaccoonChatTests.release.xcconfig"; sourceTree = "<group>"; };
		CB6A2743EC0808A5566FCDA9 /* Pods-RaccoonChatTests.debug.xcconfig */ = {isa = PBXFileReference; includeInIndex = 1; lastKnownFileType = text.xcconfig; name = "Pods-RaccoonChatTests.debug.xcconfig"; path = "Target Support Files/Pods-RaccoonChatTests/Pods-RaccoonChatTests.debug.xcconfig"; sourceTree = "<group>"; };
/* End PBXFileReference section */

/* Begin PBXFrameworksBuildPhase section */
		95054EB0220EDCD800BC484F /* Frameworks */ = {
			isa = PBXFrameworksBuildPhase;
			buildActionMask = 2147483647;
			files = (
				7BE40B63C7AF91383253E2A1 /* Pods_RaccoonChat.framework in Frameworks */,
			);
			runOnlyForDeploymentPostprocessing = 0;
		};
		95054EC7220EDCDA00BC484F /* Frameworks */ = {
			isa = PBXFrameworksBuildPhase;
			buildActionMask = 2147483647;
			files = (
				FF59721F530FDBE2156A5F15 /* Pods_RaccoonChatTests.framework in Frameworks */,
			);
			runOnlyForDeploymentPostprocessing = 0;
		};
/* End PBXFrameworksBuildPhase section */

/* Begin PBXGroup section */
		0031923FC1461588762393CD /* Frameworks */ = {
			isa = PBXGroup;
			children = (
				4C1B12E5962D267379126EF2 /* Pods_RaccoonChat.framework */,
				BB65400A4426337B6A0A7735 /* Pods_RaccoonChatTests.framework */,
			);
			name = Frameworks;
			sourceTree = "<group>";
		};
		4E2E52813D0FBC3BB1D5F600 /* Pods */ = {
			isa = PBXGroup;
			children = (
				0D862E93F379C8D9176F2990 /* Pods-RaccoonChat.debug.xcconfig */,
				AF7661110B6DE5854E96683C /* Pods-RaccoonChat.release.xcconfig */,
				CB6A2743EC0808A5566FCDA9 /* Pods-RaccoonChatTests.debug.xcconfig */,
				BE133BC8FAAC5197BDAECCE0 /* Pods-RaccoonChatTests.release.xcconfig */,
			);
			path = Pods;
			sourceTree = "<group>";
		};
		95054EAA220EDCD800BC484F = {
			isa = PBXGroup;
			children = (
				95054EB5220EDCD800BC484F /* RaccoonChat */,
				95054ECD220EDCDA00BC484F /* RaccoonChatTests */,
				95054EB4220EDCD800BC484F /* Products */,
				4E2E52813D0FBC3BB1D5F600 /* Pods */,
				0031923FC1461588762393CD /* Frameworks */,
			);
			sourceTree = "<group>";
		};
		95054EB4220EDCD800BC484F /* Products */ = {
			isa = PBXGroup;
			children = (
				95054EB3220EDCD800BC484F /* RaccoonChat.app */,
				95054ECA220EDCDA00BC484F /* RaccoonChatTests.xctest */,
			);
			name = Products;
			sourceTree = "<group>";
		};
		95054EB5220EDCD800BC484F /* RaccoonChat */ = {
			isa = PBXGroup;
			children = (
				954D94BB2242B49100981B1D /* CoreData */,
				959E8C4E223FB35300182C98 /* Communication */,
				952FB8FE222302C0009822C6 /* Storyboards */,
				952FB9082223E418009822C6 /* ViewCells */,
				952FB90122230658009822C6 /* VIewControllers */,
				959F97B4222F008A00451C41 /* Themes */,
				953CDB062236692200E6F1CC /* SavingData */,
				959F97B3222F005400451C41 /* Supplementary files */,
			);
			path = RaccoonChat;
			sourceTree = "<group>";
		};
		95054ECD220EDCDA00BC484F /* RaccoonChatTests */ = {
			isa = PBXGroup;
			children = (
				95054ECE220EDCDA00BC484F /* RaccoonChatTests.swift */,
				95054ED0220EDCDA00BC484F /* Info.plist */,
			);
			path = RaccoonChatTests;
			sourceTree = "<group>";
		};
		952FB8FE222302C0009822C6 /* Storyboards */ = {
			isa = PBXGroup;
			children = (
				95054EC2220EDCDA00BC484F /* LaunchScreen.storyboard */,
				95054EBA220EDCD800BC484F /* Profile.storyboard */,
				952FB8FC222302B4009822C6 /* ConversationsList.storyboard */,
				952FB9042223E01C009822C6 /* Conversation.storyboard */,
			);
			path = Storyboards;
			sourceTree = "<group>";
		};
		952FB90122230658009822C6 /* VIewControllers */ = {
			isa = PBXGroup;
			children = (
				95C769E82218898D001CB34E /* ProfileViewController.swift */,
				952FB8FF22230429009822C6 /* ConversationsListViewController.swift */,
				952FB9062223E06C009822C6 /* ConversationViewController.swift */,
			);
			path = VIewControllers;
			sourceTree = "<group>";
		};
		952FB9082223E418009822C6 /* ViewCells */ = {
			isa = PBXGroup;
			children = (
				952FB90222231510009822C6 /* ConversationCell.swift */,
				952FB9092223E514009822C6 /* MessageCell.swift */,
			);
			path = ViewCells;
			sourceTree = "<group>";
		};
		953CDB062236692200E6F1CC /* SavingData */ = {
			isa = PBXGroup;
			children = (
				9527C521224A944100E5EBDE /* StorageManager.swift */,
				953CDB072236699500E6F1CC /* ProfileDataManager.swift */,
				953CDB0922383DF500E6F1CC /* GCDDataManager.swift */,
				953CDB0B2238D5AB00E6F1CC /* OperationDataManager.swift */,
				953CDB0F2238D95800E6F1CC /* LoadOperation.swift */,
				953CDB112238DCEB00E6F1CC /* SaveOperation.swift */,
			);
			path = SavingData;
			sourceTree = "<group>";
		};
		954D94BB2242B49100981B1D /* CoreData */ = {
			isa = PBXGroup;
			children = (
				954D94B82242AF4500981B1D /* CoreDataStack.swift */,
				954D94BC2242B4BA00981B1D /* AppUser.swift */,
				954D94C62242C09D00981B1D /* RaccoonChat.xcdatamodeld */,
			);
			path = CoreData;
			sourceTree = "<group>";
		};
		959E8C4E223FB35300182C98 /* Communication */ = {
			isa = PBXGroup;
			children = (
				959E8C4F223FB6CC00182C98 /* Communicator.swift */,
				959E8C51223FB77C00182C98 /* CommunicatorDelegate.swift */,
				959E8C53223FB87100182C98 /* MultipeerCommunicator.swift */,
				959E8C55223FC6CE00182C98 /* CommunicationManager.swift */,
			);
			path = Communication;
			sourceTree = "<group>";
		};
		959F97B3222F005400451C41 /* Supplementary files */ = {
			isa = PBXGroup;
			children = (
				95054EB6220EDCD800BC484F /* AppDelegate.swift */,
				95054EDB220EFACE00BC484F /* Logger.swift */,
				95054EC0220EDCDA00BC484F /* Assets.xcassets */,
				95054EC5220EDCDA00BC484F /* Info.plist */,
			);
			path = "Supplementary files";
			sourceTree = "<group>";
		};
		959F97B4222F008A00451C41 /* Themes */ = {
			isa = PBXGroup;
			children = (
				9523893A222BF33700AE51C2 /* RaccoonChat-Bridging-Header.h */,
				959F97B6222F00A800451C41 /* ViewControllers */,
				959F97B8222F00F500451C41 /* Model */,
				959F97B7222F00C300451C41 /* Storyboards */,
			);
			path = Themes;
			sourceTree = "<group>";
		};
		959F97B6222F00A800451C41 /* ViewControllers */ = {
			isa = PBXGroup;
			children = (
				956685D1222C948E00E5F864 /* ThemesViewController.swift */,
			);
			path = ViewControllers;
			sourceTree = "<group>";
		};
		959F97B7222F00C300451C41 /* Storyboards */ = {
			isa = PBXGroup;
			children = (
				95238928222BE79100AE51C2 /* Themes.storyboard */,
			);
			path = Storyboards;
			sourceTree = "<group>";
		};
		959F97B8222F00F500451C41 /* Model */ = {
			isa = PBXGroup;
			children = (
				95238940222BF5BB00AE51C2 /* Themes.h */,
				9523893E222BF55400AE51C2 /* Themes.m */,
				959F97B9222F102E00451C41 /* ThemeManager.swift */,
				959F97BE222F1C7F00451C41 /* Theme.swift */,
			);
			path = Model;
			sourceTree = "<group>";
		};
/* End PBXGroup section */

/* Begin PBXNativeTarget section */
		95054EB2220EDCD800BC484F /* RaccoonChat */ = {
			isa = PBXNativeTarget;
			buildConfigurationList = 95054ED3220EDCDA00BC484F /* Build configuration list for PBXNativeTarget "RaccoonChat" */;
			buildPhases = (
				6A8EE9F46A4D024B89815754 /* [CP] Check Pods Manifest.lock */,
				95054EAF220EDCD800BC484F /* Sources */,
				95054EB0220EDCD800BC484F /* Frameworks */,
				95054EB1220EDCD800BC484F /* Resources */,
				95092EFE224D77A1004E1BCE /* SwiftLint */,
			);
			buildRules = (
			);
			dependencies = (
			);
			name = RaccoonChat;
			productName = RaccoonChat;
			productReference = 95054EB3220EDCD800BC484F /* RaccoonChat.app */;
			productType = "com.apple.product-type.application";
		};
		95054EC9220EDCDA00BC484F /* RaccoonChatTests */ = {
			isa = PBXNativeTarget;
			buildConfigurationList = 95054ED6220EDCDA00BC484F /* Build configuration list for PBXNativeTarget "RaccoonChatTests" */;
			buildPhases = (
				7B5CB99E85415AC1FA4E3DE0 /* [CP] Check Pods Manifest.lock */,
				95054EC6220EDCDA00BC484F /* Sources */,
				95054EC7220EDCDA00BC484F /* Frameworks */,
				95054EC8220EDCDA00BC484F /* Resources */,
			);
			buildRules = (
			);
			dependencies = (
				95054ECC220EDCDA00BC484F /* PBXTargetDependency */,
			);
			name = RaccoonChatTests;
			productName = RaccoonChatTests;
			productReference = 95054ECA220EDCDA00BC484F /* RaccoonChatTests.xctest */;
			productType = "com.apple.product-type.bundle.unit-test";
		};
/* End PBXNativeTarget section */

/* Begin PBXProject section */
		95054EAB220EDCD800BC484F /* Project object */ = {
			isa = PBXProject;
			attributes = {
				LastSwiftUpdateCheck = 1010;
				LastUpgradeCheck = 1010;
				ORGANIZATIONNAME = "Hanna Yakusevych";
				TargetAttributes = {
					95054EB2220EDCD800BC484F = {
						CreatedOnToolsVersion = 10.1;
						LastSwiftMigration = 1020;
					};
					95054EC9220EDCDA00BC484F = {
						CreatedOnToolsVersion = 10.1;
						LastSwiftMigration = 1020;
						TestTargetID = 95054EB2220EDCD800BC484F;
					};
				};
			};
			buildConfigurationList = 95054EAE220EDCD800BC484F /* Build configuration list for PBXProject "RaccoonChat" */;
			compatibilityVersion = "Xcode 9.3";
			developmentRegion = en;
			hasScannedForEncodings = 0;
			knownRegions = (
				en,
				Base,
			);
			mainGroup = 95054EAA220EDCD800BC484F;
			productRefGroup = 95054EB4220EDCD800BC484F /* Products */;
			projectDirPath = "";
			projectRoot = "";
			targets = (
				95054EB2220EDCD800BC484F /* RaccoonChat */,
				95054EC9220EDCDA00BC484F /* RaccoonChatTests */,
			);
		};
/* End PBXProject section */

/* Begin PBXResourcesBuildPhase section */
		95054EB1220EDCD800BC484F /* Resources */ = {
			isa = PBXResourcesBuildPhase;
			buildActionMask = 2147483647;
			files = (
				95054EC4220EDCDA00BC484F /* LaunchScreen.storyboard in Resources */,
				952FB8FD222302B4009822C6 /* ConversationsList.storyboard in Resources */,
				95238929222BE79100AE51C2 /* Themes.storyboard in Resources */,
				952FB9052223E01C009822C6 /* Conversation.storyboard in Resources */,
				95054EC1220EDCDA00BC484F /* Assets.xcassets in Resources */,
				95054EBC220EDCD800BC484F /* Profile.storyboard in Resources */,
			);
			runOnlyForDeploymentPostprocessing = 0;
		};
		95054EC8220EDCDA00BC484F /* Resources */ = {
			isa = PBXResourcesBuildPhase;
			buildActionMask = 2147483647;
			files = (
			);
			runOnlyForDeploymentPostprocessing = 0;
		};
/* End PBXResourcesBuildPhase section */

/* Begin PBXShellScriptBuildPhase section */
		6A8EE9F46A4D024B89815754 /* [CP] Check Pods Manifest.lock */ = {
			isa = PBXShellScriptBuildPhase;
			buildActionMask = 2147483647;
			files = (
			);
			inputFileListPaths = (
			);
			inputPaths = (
				"${PODS_PODFILE_DIR_PATH}/Podfile.lock",
				"${PODS_ROOT}/Manifest.lock",
			);
			name = "[CP] Check Pods Manifest.lock";
			outputFileListPaths = (
			);
			outputPaths = (
				"$(DERIVED_FILE_DIR)/Pods-RaccoonChat-checkManifestLockResult.txt",
			);
			runOnlyForDeploymentPostprocessing = 0;
			shellPath = /bin/sh;
			shellScript = "diff \"${PODS_PODFILE_DIR_PATH}/Podfile.lock\" \"${PODS_ROOT}/Manifest.lock\" > /dev/null\nif [ $? != 0 ] ; then\n    # print error to STDERR\n    echo \"error: The sandbox is not in sync with the Podfile.lock. Run 'pod install' or update your CocoaPods installation.\" >&2\n    exit 1\nfi\n# This output is used by Xcode 'outputs' to avoid re-running this script phase.\necho \"SUCCESS\" > \"${SCRIPT_OUTPUT_FILE_0}\"\n";
			showEnvVarsInLog = 0;
		};
		7B5CB99E85415AC1FA4E3DE0 /* [CP] Check Pods Manifest.lock */ = {
			isa = PBXShellScriptBuildPhase;
			buildActionMask = 2147483647;
			files = (
			);
			inputFileListPaths = (
			);
			inputPaths = (
				"${PODS_PODFILE_DIR_PATH}/Podfile.lock",
				"${PODS_ROOT}/Manifest.lock",
			);
			name = "[CP] Check Pods Manifest.lock";
			outputFileListPaths = (
			);
			outputPaths = (
				"$(DERIVED_FILE_DIR)/Pods-RaccoonChatTests-checkManifestLockResult.txt",
			);
			runOnlyForDeploymentPostprocessing = 0;
			shellPath = /bin/sh;
			shellScript = "diff \"${PODS_PODFILE_DIR_PATH}/Podfile.lock\" \"${PODS_ROOT}/Manifest.lock\" > /dev/null\nif [ $? != 0 ] ; then\n    # print error to STDERR\n    echo \"error: The sandbox is not in sync with the Podfile.lock. Run 'pod install' or update your CocoaPods installation.\" >&2\n    exit 1\nfi\n# This output is used by Xcode 'outputs' to avoid re-running this script phase.\necho \"SUCCESS\" > \"${SCRIPT_OUTPUT_FILE_0}\"\n";
			showEnvVarsInLog = 0;
		};
		95092EFE224D77A1004E1BCE /* SwiftLint */ = {
			isa = PBXShellScriptBuildPhase;
			buildActionMask = 2147483647;
			files = (
			);
			inputFileListPaths = (
			);
			inputPaths = (
			);
			name = SwiftLint;
			outputFileListPaths = (
			);
			outputPaths = (
			);
			runOnlyForDeploymentPostprocessing = 0;
			shellPath = /bin/sh;
			shellScript = "# Type a script or drag a script file from your workspace to insert its path.\nif which swiftlint >/dev/null; then\nswiftlint\nelse\necho \"error: SwiftLint does not exist, download it from https://github.com/realm/SwiftLint\"\nexit 1\nfi\n";
		};
/* End PBXShellScriptBuildPhase section */

/* Begin PBXSourcesBuildPhase section */
		95054EAF220EDCD800BC484F /* Sources */ = {
			isa = PBXSourcesBuildPhase;
			buildActionMask = 2147483647;
			files = (
				959E8C50223FB6CC00182C98 /* Communicator.swift in Sources */,
				952FB9072223E06C009822C6 /* ConversationViewController.swift in Sources */,
				959E8C54223FB87100182C98 /* MultipeerCommunicator.swift in Sources */,
				959E8C56223FC6CE00182C98 /* CommunicationManager.swift in Sources */,
				952FB90022230429009822C6 /* ConversationsListViewController.swift in Sources */,
				954D94BD2242B4BA00981B1D /* AppUser.swift in Sources */,
				953CDB052235242500E6F1CC /* ThemesViewController.swift in Sources */,
				953CDB0A22383DF500E6F1CC /* GCDDataManager.swift in Sources */,
				952FB90322231510009822C6 /* ConversationCell.swift in Sources */,
				95054EB7220EDCD800BC484F /* AppDelegate.swift in Sources */,
				954D94C82242C09D00981B1D /* RaccoonChat.xcdatamodeld in Sources */,
				95C769E92218898D001CB34E /* ProfileViewController.swift in Sources */,
				9523893F222BF55500AE51C2 /* Themes.m in Sources */,
				953CDB122238DCEB00E6F1CC /* SaveOperation.swift in Sources */,
				959F97BA222F102E00451C41 /* ThemeManager.swift in Sources */,
				9527C522224A944100E5EBDE /* StorageManager.swift in Sources */,
				959F97BF222F1C7F00451C41 /* Theme.swift in Sources */,
				953CDB102238D95800E6F1CC /* LoadOperation.swift in Sources */,
				953CDB0C2238D5AB00E6F1CC /* OperationDataManager.swift in Sources */,
				954D94B92242AF4500981B1D /* CoreDataStack.swift in Sources */,
				952FB90A2223E514009822C6 /* MessageCell.swift in Sources */,
				959E8C52223FB77C00182C98 /* CommunicatorDelegate.swift in Sources */,
				95054EDC220EFACE00BC484F /* Logger.swift in Sources */,
				953CDB082236699500E6F1CC /* ProfileDataManager.swift in Sources */,
			);
			runOnlyForDeploymentPostprocessing = 0;
		};
		95054EC6220EDCDA00BC484F /* Sources */ = {
			isa = PBXSourcesBuildPhase;
			buildActionMask = 2147483647;
			files = (
				95054ECF220EDCDA00BC484F /* RaccoonChatTests.swift in Sources */,
			);
			runOnlyForDeploymentPostprocessing = 0;
		};
/* End PBXSourcesBuildPhase section */

/* Begin PBXTargetDependency section */
		95054ECC220EDCDA00BC484F /* PBXTargetDependency */ = {
			isa = PBXTargetDependency;
			target = 95054EB2220EDCD800BC484F /* RaccoonChat */;
			targetProxy = 95054ECB220EDCDA00BC484F /* PBXContainerItemProxy */;
		};
/* End PBXTargetDependency section */

/* Begin PBXVariantGroup section */
		95054EBA220EDCD800BC484F /* Profile.storyboard */ = {
			isa = PBXVariantGroup;
			children = (
				95054EBB220EDCD800BC484F /* Base */,
			);
			name = Profile.storyboard;
			sourceTree = "<group>";
		};
		95054EC2220EDCDA00BC484F /* LaunchScreen.storyboard */ = {
			isa = PBXVariantGroup;
			children = (
				95054EC3220EDCDA00BC484F /* Base */,
			);
			name = LaunchScreen.storyboard;
			sourceTree = "<group>";
		};
/* End PBXVariantGroup section */

/* Begin XCBuildConfiguration section */
		95054ED1220EDCDA00BC484F /* Debug */ = {
			isa = XCBuildConfiguration;
			buildSettings = {
				ALWAYS_SEARCH_USER_PATHS = NO;
				CLANG_ANALYZER_NONNULL = YES;
				CLANG_ANALYZER_NUMBER_OBJECT_CONVERSION = YES_AGGRESSIVE;
				CLANG_CXX_LANGUAGE_STANDARD = "gnu++14";
				CLANG_CXX_LIBRARY = "libc++";
				CLANG_ENABLE_MODULES = YES;
				CLANG_ENABLE_OBJC_ARC = NO;
				CLANG_ENABLE_OBJC_WEAK = YES;
				CLANG_WARN_BLOCK_CAPTURE_AUTORELEASING = YES;
				CLANG_WARN_BOOL_CONVERSION = YES;
				CLANG_WARN_COMMA = YES;
				CLANG_WARN_CONSTANT_CONVERSION = YES;
				CLANG_WARN_DEPRECATED_OBJC_IMPLEMENTATIONS = YES;
				CLANG_WARN_DIRECT_OBJC_ISA_USAGE = YES_ERROR;
				CLANG_WARN_DOCUMENTATION_COMMENTS = YES;
				CLANG_WARN_EMPTY_BODY = YES;
				CLANG_WARN_ENUM_CONVERSION = YES;
				CLANG_WARN_INFINITE_RECURSION = YES;
				CLANG_WARN_INT_CONVERSION = YES;
				CLANG_WARN_NON_LITERAL_NULL_CONVERSION = YES;
				CLANG_WARN_OBJC_IMPLICIT_RETAIN_SELF = YES;
				CLANG_WARN_OBJC_LITERAL_CONVERSION = YES;
				CLANG_WARN_OBJC_ROOT_CLASS = YES_ERROR;
				CLANG_WARN_RANGE_LOOP_ANALYSIS = YES;
				CLANG_WARN_STRICT_PROTOTYPES = YES;
				CLANG_WARN_SUSPICIOUS_MOVE = YES;
				CLANG_WARN_UNGUARDED_AVAILABILITY = YES_AGGRESSIVE;
				CLANG_WARN_UNREACHABLE_CODE = YES;
				CLANG_WARN__DUPLICATE_METHOD_MATCH = YES;
				CODE_SIGN_IDENTITY = "iPhone Developer";
				COPY_PHASE_STRIP = NO;
				DEBUG_INFORMATION_FORMAT = dwarf;
				ENABLE_STRICT_OBJC_MSGSEND = YES;
				ENABLE_TESTABILITY = YES;
				GCC_C_LANGUAGE_STANDARD = gnu11;
				GCC_DYNAMIC_NO_PIC = NO;
				GCC_NO_COMMON_BLOCKS = YES;
				GCC_OPTIMIZATION_LEVEL = 0;
				GCC_PREPROCESSOR_DEFINITIONS = (
					"DEBUG=1",
					"$(inherited)",
				);
				GCC_WARN_64_TO_32_BIT_CONVERSION = YES;
				GCC_WARN_ABOUT_RETURN_TYPE = YES_ERROR;
				GCC_WARN_UNDECLARED_SELECTOR = YES;
				GCC_WARN_UNINITIALIZED_AUTOS = YES_AGGRESSIVE;
				GCC_WARN_UNUSED_FUNCTION = YES;
				GCC_WARN_UNUSED_VARIABLE = YES;
				IPHONEOS_DEPLOYMENT_TARGET = 12.1;
				MTL_ENABLE_DEBUG_INFO = INCLUDE_SOURCE;
				MTL_FAST_MATH = YES;
				ONLY_ACTIVE_ARCH = YES;
				SDKROOT = iphoneos;
				SWIFT_ACTIVE_COMPILATION_CONDITIONS = DEBUG;
				SWIFT_OPTIMIZATION_LEVEL = "-Onone";
			};
			name = Debug;
		};
		95054ED2220EDCDA00BC484F /* Release */ = {
			isa = XCBuildConfiguration;
			buildSettings = {
				ALWAYS_SEARCH_USER_PATHS = NO;
				CLANG_ANALYZER_NONNULL = YES;
				CLANG_ANALYZER_NUMBER_OBJECT_CONVERSION = YES_AGGRESSIVE;
				CLANG_CXX_LANGUAGE_STANDARD = "gnu++14";
				CLANG_CXX_LIBRARY = "libc++";
				CLANG_ENABLE_MODULES = YES;
				CLANG_ENABLE_OBJC_ARC = NO;
				CLANG_ENABLE_OBJC_WEAK = YES;
				CLANG_WARN_BLOCK_CAPTURE_AUTORELEASING = YES;
				CLANG_WARN_BOOL_CONVERSION = YES;
				CLANG_WARN_COMMA = YES;
				CLANG_WARN_CONSTANT_CONVERSION = YES;
				CLANG_WARN_DEPRECATED_OBJC_IMPLEMENTATIONS = YES;
				CLANG_WARN_DIRECT_OBJC_ISA_USAGE = YES_ERROR;
				CLANG_WARN_DOCUMENTATION_COMMENTS = YES;
				CLANG_WARN_EMPTY_BODY = YES;
				CLANG_WARN_ENUM_CONVERSION = YES;
				CLANG_WARN_INFINITE_RECURSION = YES;
				CLANG_WARN_INT_CONVERSION = YES;
				CLANG_WARN_NON_LITERAL_NULL_CONVERSION = YES;
				CLANG_WARN_OBJC_IMPLICIT_RETAIN_SELF = YES;
				CLANG_WARN_OBJC_LITERAL_CONVERSION = YES;
				CLANG_WARN_OBJC_ROOT_CLASS = YES_ERROR;
				CLANG_WARN_RANGE_LOOP_ANALYSIS = YES;
				CLANG_WARN_STRICT_PROTOTYPES = YES;
				CLANG_WARN_SUSPICIOUS_MOVE = YES;
				CLANG_WARN_UNGUARDED_AVAILABILITY = YES_AGGRESSIVE;
				CLANG_WARN_UNREACHABLE_CODE = YES;
				CLANG_WARN__DUPLICATE_METHOD_MATCH = YES;
				CODE_SIGN_IDENTITY = "iPhone Developer";
				COPY_PHASE_STRIP = NO;
				DEBUG_INFORMATION_FORMAT = "dwarf-with-dsym";
				ENABLE_NS_ASSERTIONS = NO;
				ENABLE_STRICT_OBJC_MSGSEND = YES;
				GCC_C_LANGUAGE_STANDARD = gnu11;
				GCC_NO_COMMON_BLOCKS = YES;
				GCC_WARN_64_TO_32_BIT_CONVERSION = YES;
				GCC_WARN_ABOUT_RETURN_TYPE = YES_ERROR;
				GCC_WARN_UNDECLARED_SELECTOR = YES;
				GCC_WARN_UNINITIALIZED_AUTOS = YES_AGGRESSIVE;
				GCC_WARN_UNUSED_FUNCTION = YES;
				GCC_WARN_UNUSED_VARIABLE = YES;
				IPHONEOS_DEPLOYMENT_TARGET = 12.1;
				MTL_ENABLE_DEBUG_INFO = NO;
				MTL_FAST_MATH = YES;
				SDKROOT = iphoneos;
				SWIFT_COMPILATION_MODE = wholemodule;
				SWIFT_OPTIMIZATION_LEVEL = "-O";
				VALIDATE_PRODUCT = YES;
			};
			name = Release;
		};
		95054ED4220EDCDA00BC484F /* Debug */ = {
			isa = XCBuildConfiguration;
			baseConfigurationReference = 0D862E93F379C8D9176F2990 /* Pods-RaccoonChat.debug.xcconfig */;
			buildSettings = {
				ASSETCATALOG_COMPILER_APPICON_NAME = AppIcon;
				CLANG_ENABLE_MODULES = YES;
				CLANG_ENABLE_OBJC_ARC = NO;
				CODE_SIGN_IDENTITY = "iPhone Developer";
				CODE_SIGN_STYLE = Automatic;
				DEVELOPMENT_TEAM = K882HZY272;
				INFOPLIST_FILE = "RaccoonChat/Supplementary files/Info.plist";
				IPHONEOS_DEPLOYMENT_TARGET = 11.0;
				LD_RUNPATH_SEARCH_PATHS = (
					"$(inherited)",
					"@executable_path/Frameworks",
				);
				PRODUCT_BUNDLE_IDENTIFIER = hannyakus.RaccoonChat;
				PRODUCT_NAME = "$(TARGET_NAME)";
				PROVISIONING_PROFILE_SPECIFIER = "";
				SWIFT_OBJC_BRIDGING_HEADER = "RaccoonChat/Themes/RaccoonChat-Bridging-Header.h";
				SWIFT_OPTIMIZATION_LEVEL = "-Onone";
				SWIFT_VERSION = 4.2;
				TARGETED_DEVICE_FAMILY = "1,2";
			};
			name = Debug;
		};
		95054ED5220EDCDA00BC484F /* Release */ = {
			isa = XCBuildConfiguration;
			baseConfigurationReference = AF7661110B6DE5854E96683C /* Pods-RaccoonChat.release.xcconfig */;
			buildSettings = {
				ASSETCATALOG_COMPILER_APPICON_NAME = AppIcon;
				CLANG_ENABLE_MODULES = YES;
				CLANG_ENABLE_OBJC_ARC = NO;
				CODE_SIGN_IDENTITY = "iPhone Developer";
				CODE_SIGN_STYLE = Automatic;
				DEVELOPMENT_TEAM = K882HZY272;
				INFOPLIST_FILE = "RaccoonChat/Supplementary files/Info.plist";
				IPHONEOS_DEPLOYMENT_TARGET = 11.0;
				LD_RUNPATH_SEARCH_PATHS = (
					"$(inherited)",
					"@executable_path/Frameworks",
				);
				PRODUCT_BUNDLE_IDENTIFIER = hannyakus.RaccoonChat;
				PRODUCT_NAME = "$(TARGET_NAME)";
				PROVISIONING_PROFILE_SPECIFIER = "";
				SWIFT_OBJC_BRIDGING_HEADER = "RaccoonChat/Themes/RaccoonChat-Bridging-Header.h";
				SWIFT_VERSION = 4.2;
				TARGETED_DEVICE_FAMILY = "1,2";
			};
			name = Release;
		};
		95054ED7220EDCDA00BC484F /* Debug */ = {
			isa = XCBuildConfiguration;
			baseConfigurationReference = CB6A2743EC0808A5566FCDA9 /* Pods-RaccoonChatTests.debug.xcconfig */;
			buildSettings = {
				ALWAYS_EMBED_SWIFT_STANDARD_LIBRARIES = YES;
				BUNDLE_LOADER = "$(TEST_HOST)";
				CODE_SIGN_STYLE = Automatic;
				DEVELOPMENT_TEAM = K882HZY272;
				INFOPLIST_FILE = RaccoonChatTests/Info.plist;
				LD_RUNPATH_SEARCH_PATHS = (
					"$(inherited)",
					"@executable_path/Frameworks",
					"@loader_path/Frameworks",
				);
				PRODUCT_BUNDLE_IDENTIFIER = hanyakus.RaccoonChatTests;
				PRODUCT_NAME = "$(TARGET_NAME)";
				SWIFT_VERSION = 4.2;
				TARGETED_DEVICE_FAMILY = "1,2";
				TEST_HOST = "$(BUILT_PRODUCTS_DIR)/RaccoonChat.app/RaccoonChat";
			};
			name = Debug;
		};
		95054ED8220EDCDA00BC484F /* Release */ = {
			isa = XCBuildConfiguration;
			baseConfigurationReference = BE133BC8FAAC5197BDAECCE0 /* Pods-RaccoonChatTests.release.xcconfig */;
			buildSettings = {
				ALWAYS_EMBED_SWIFT_STANDARD_LIBRARIES = YES;
				BUNDLE_LOADER = "$(TEST_HOST)";
				CODE_SIGN_STYLE = Automatic;
				DEVELOPMENT_TEAM = K882HZY272;
				INFOPLIST_FILE = RaccoonChatTests/Info.plist;
				LD_RUNPATH_SEARCH_PATHS = (
					"$(inherited)",
					"@executable_path/Frameworks",
					"@loader_path/Frameworks",
				);
				PRODUCT_BUNDLE_IDENTIFIER = hanyakus.RaccoonChatTests;
				PRODUCT_NAME = "$(TARGET_NAME)";
				SWIFT_VERSION = 4.2;
				TARGETED_DEVICE_FAMILY = "1,2";
				TEST_HOST = "$(BUILT_PRODUCTS_DIR)/RaccoonChat.app/RaccoonChat";
			};
			name = Release;
		};
/* End XCBuildConfiguration section */

/* Begin XCConfigurationList section */
		95054EAE220EDCD800BC484F /* Build configuration list for PBXProject "RaccoonChat" */ = {
			isa = XCConfigurationList;
			buildConfigurations = (
				95054ED1220EDCDA00BC484F /* Debug */,
				95054ED2220EDCDA00BC484F /* Release */,
			);
			defaultConfigurationIsVisible = 0;
			defaultConfigurationName = Release;
		};
		95054ED3220EDCDA00BC484F /* Build configuration list for PBXNativeTarget "RaccoonChat" */ = {
			isa = XCConfigurationList;
			buildConfigurations = (
				95054ED4220EDCDA00BC484F /* Debug */,
				95054ED5220EDCDA00BC484F /* Release */,
			);
			defaultConfigurationIsVisible = 0;
			defaultConfigurationName = Release;
		};
		95054ED6220EDCDA00BC484F /* Build configuration list for PBXNativeTarget "RaccoonChatTests" */ = {
			isa = XCConfigurationList;
			buildConfigurations = (
				95054ED7220EDCDA00BC484F /* Debug */,
				95054ED8220EDCDA00BC484F /* Release */,
			);
			defaultConfigurationIsVisible = 0;
			defaultConfigurationName = Release;
		};
/* End XCConfigurationList section */

/* Begin XCVersionGroup section */
		954D94C62242C09D00981B1D /* RaccoonChat.xcdatamodeld */ = {
			isa = XCVersionGroup;
			children = (
				954D94C72242C09D00981B1D /* RaccoonChat.xcdatamodel */,
			);
			currentVersion = 954D94C72242C09D00981B1D /* RaccoonChat.xcdatamodel */;
			path = RaccoonChat.xcdatamodeld;
			sourceTree = "<group>";
			versionGroupType = wrapper.xcdatamodel;
		};
/* End XCVersionGroup section */
	};
	rootObject = 95054EAB220EDCD800BC484F /* Project object */;
}
